// !$*UTF8*$!
{
	archiveVersion = 1;
	classes = {
	};
	objectVersion = 46;
	objects = {

/* Begin PBXBuildFile section */
		33E52C891E2E022B000CCB98 /* AppDelegate.swift in Sources */ = {isa = PBXBuildFile; fileRef = 33E52C881E2E022B000CCB98 /* AppDelegate.swift */; };
		33E52C8B1E2E022B000CCB98 /* ViewController.swift in Sources */ = {isa = PBXBuildFile; fileRef = 33E52C8A1E2E022B000CCB98 /* ViewController.swift */; };
		33E52C8E1E2E022B000CCB98 /* Main.storyboard in Resources */ = {isa = PBXBuildFile; fileRef = 33E52C8C1E2E022B000CCB98 /* Main.storyboard */; };
		33E52C901E2E022B000CCB98 /* Assets.xcassets in Resources */ = {isa = PBXBuildFile; fileRef = 33E52C8F1E2E022B000CCB98 /* Assets.xcassets */; };
		33E52C931E2E022B000CCB98 /* LaunchScreen.storyboard in Resources */ = {isa = PBXBuildFile; fileRef = 33E52C911E2E022B000CCB98 /* LaunchScreen.storyboard */; };
		33E52C9B1E2E0273000CCB98 /* TheCollectionViewController.swift in Sources */ = {isa = PBXBuildFile; fileRef = 33E52C9A1E2E0273000CCB98 /* TheCollectionViewController.swift */; };
/* End PBXBuildFile section */

/* Begin PBXFileReference section */
		33E52C851E2E022B000CCB98 /* DragAndDropCollectionViewCell-swift.app */ = {isa = PBXFileReference; explicitFileType = wrapper.application; includeInIndex = 0; path = "DragAndDropCollectionViewCell-swift.app"; sourceTree = BUILT_PRODUCTS_DIR; };
		33E52C881E2E022B000CCB98 /* AppDelegate.swift */ = {isa = PBXFileReference; lastKnownFileType = sourcecode.swift; path = AppDelegate.swift; sourceTree = "<group>"; };
		33E52C8A1E2E022B000CCB98 /* ViewController.swift */ = {isa = PBXFileReference; lastKnownFileType = sourcecode.swift; path = ViewController.swift; sourceTree = "<group>"; };
		33E52C8D1E2E022B000CCB98 /* Base */ = {isa = PBXFileReference; lastKnownFileType = file.storyboard; name = Base; path = Base.lproj/Main.storyboard; sourceTree = "<group>"; };
		33E52C8F1E2E022B000CCB98 /* Assets.xcassets */ = {isa = PBXFileReference; lastKnownFileType = folder.assetcatalog; path = Assets.xcassets; sourceTree = "<group>"; };
		33E52C921E2E022B000CCB98 /* Base */ = {isa = PBXFileReference; lastKnownFileType = file.storyboard; name = Base; path = Base.lproj/LaunchScreen.storyboard; sourceTree = "<group>"; };
		33E52C941E2E022B000CCB98 /* Info.plist */ = {isa = PBXFileReference; lastKnownFileType = text.plist.xml; path = Info.plist; sourceTree = "<group>"; };
		33E52C9A1E2E0273000CCB98 /* TheCollectionViewController.swift */ = {isa = PBXFileReference; fileEncoding = 4; lastKnownFileType = sourcecode.swift; path = TheCollectionViewController.swift; sourceTree = "<group>"; };
/* End PBXFileReference section */

/* Begin PBXFrameworksBuildPhase section */
		33E52C821E2E022B000CCB98 /* Frameworks */ = {
			isa = PBXFrameworksBuildPhase;
			buildActionMask = 2147483647;
			files = (
			);
			runOnlyForDeploymentPostprocessing = 0;
		};
/* End PBXFrameworksBuildPhase section */

/* Begin PBXGroup section */
		33E52C7C1E2E022B000CCB98 = {
			isa = PBXGroup;
			children = (
				33E52C871E2E022B000CCB98 /* DragAndDropCollectionViewCell-swift */,
				33E52C861E2E022B000CCB98 /* Products */,
			);
			sourceTree = "<group>";
		};
		33E52C861E2E022B000CCB98 /* Products */ = {
			isa = PBXGroup;
			children = (
				33E52C851E2E022B000CCB98 /* DragAndDropCollectionViewCell-swift.app */,
			);
			name = Products;
			sourceTree = "<group>";
		};
		33E52C871E2E022B000CCB98 /* DragAndDropCollectionViewCell-swift */ = {
			isa = PBXGroup;
			children = (
				33E52C881E2E022B000CCB98 /* AppDelegate.swift */,
				33E52C8A1E2E022B000CCB98 /* ViewController.swift */,
				33E52C9A1E2E0273000CCB98 /* TheCollectionViewController.swift */,
				33E52C8C1E2E022B000CCB98 /* Main.storyboard */,
				33E52C8F1E2E022B000CCB98 /* Assets.xcassets */,
				33E52C911E2E022B000CCB98 /* LaunchScreen.storyboard */,
				33E52C941E2E022B000CCB98 /* Info.plist */,
			);
			path = "DragAndDropCollectionViewCell-swift";
			sourceTree = "<group>";
		};
/* End PBXGroup section */

/* Begin PBXNativeTarget section */
		33E52C841E2E022B000CCB98 /* DragAndDropCollectionViewCell-swift */ = {
			isa = PBXNativeTarget;
			buildConfigurationList = 33E52C971E2E022B000CCB98 /* Build configuration list for PBXNativeTarget "DragAndDropCollectionViewCell-swift" */;
			buildPhases = (
				33E52C811E2E022B000CCB98 /* Sources */,
				33E52C821E2E022B000CCB98 /* Frameworks */,
				33E52C831E2E022B000CCB98 /* Resources */,
			);
			buildRules = (
			);
			dependencies = (
			);
			name = "DragAndDropCollectionViewCell-swift";
			productName = "DragAndDropCollectionViewCell-swift";
			productReference = 33E52C851E2E022B000CCB98 /* DragAndDropCollectionViewCell-swift.app */;
			productType = "com.apple.product-type.application";
		};
/* End PBXNativeTarget section */

/* Begin PBXProject section */
		33E52C7D1E2E022B000CCB98 /* Project object */ = {
			isa = PBXProject;
			attributes = {
				LastSwiftUpdateCheck = 0820;
				LastUpgradeCheck = 0820;
				ORGANIZATIONNAME = "Han Chen";
				TargetAttributes = {
					33E52C841E2E022B000CCB98 = {
						CreatedOnToolsVersion = 8.2;
						ProvisioningStyle = Automatic;
					};
				};
			};
			buildConfigurationList = 33E52C801E2E022B000CCB98 /* Build configuration list for PBXProject "DragAndDropCollectionViewCell-swift" */;
			compatibilityVersion = "Xcode 3.2";
			developmentRegion = English;
			hasScannedForEncodings = 0;
			knownRegions = (
				en,
				Base,
			);
			mainGroup = 33E52C7C1E2E022B000CCB98;
			productRefGroup = 33E52C861E2E022B000CCB98 /* Products */;
			projectDirPath = "";
			projectRoot = "";
			targets = (
				33E52C841E2E022B000CCB98 /* DragAndDropCollectionViewCell-swift */,
			);
		};
/* End PBXProject section */

/* Begin PBXResourcesBuildPhase section */
		33E52C831E2E022B000CCB98 /* Resources */ = {
			isa = PBXResourcesBuildPhase;
			buildActionMask = 2147483647;
			files = (
				33E52C931E2E022B000CCB98 /* LaunchScreen.storyboard in Resources */,
				33E52C901E2E022B000CCB98 /* Assets.xcassets in Resources */,
				33E52C8E1E2E022B000CCB98 /* Main.storyboard in Resources */,
			);
			runOnlyForDeploymentPostprocessing = 0;
		};
/* End PBXResourcesBuildPhase section */

/* Begin PBXSourcesBuildPhase section */
		33E52C811E2E022B000CCB98 /* Sources */ = {
			isa = PBXSourcesBuildPhase;
			buildActionMask = 2147483647;
			files = (
				33E52C8B1E2E022B000CCB98 /* ViewController.swift in Sources */,
				33E52C9B1E2E0273000CCB98 /* TheCollectionViewController.swift in Sources */,
				33E52C891E2E022B000CCB98 /* AppDelegate.swift in Sources */,
			);
			runOnlyForDeploymentPostprocessing = 0;
		};
/* End PBXSourcesBuildPhase section */

/* Begin PBXVariantGroup section */
		33E52C8C1E2E022B000CCB98 /* Main.storyboard */ = {
			isa = PBXVariantGroup;
			children = (
				33E52C8D1E2E022B000CCB98 /* Base */,
			);
			name = Main.storyboard;
			sourceTree = "<group>";
		};
		33E52C911E2E022B000CCB98 /* LaunchScreen.storyboard */ = {
			isa = PBXVariantGroup;
			children = (
				33E52C921E2E022B000CCB98 /* Base */,
			);
			name = LaunchScreen.storyboard;
			sourceTree = "<group>";
		};
/* End PBXVariantGroup section */

/* Begin XCBuildConfiguration section */
		33E52C951E2E022B000CCB98 /* Debug */ = {
			isa = XCBuildConfiguration;
			buildSettings = {
				ALWAYS_SEARCH_USER_PATHS = NO;
				CLANG_ANALYZER_NONNULL = YES;
				CLANG_CXX_LANGUAGE_STANDARD = "gnu++0x";
				CLANG_CXX_LIBRARY = "libc++";
				CLANG_ENABLE_MODULES = YES;
				CLANG_ENABLE_OBJC_ARC = YES;
				CLANG_WARN_BOOL_CONVERSION = YES;
				CLANG_WARN_CONSTANT_CONVERSION = YES;
				CLANG_WARN_DIRECT_OBJC_ISA_USAGE = YES_ERROR;
				CLANG_WARN_DOCUMENTATION_COMMENTS = YES;
				CLANG_WARN_EMPTY_BODY = YES;
				CLANG_WARN_ENUM_CONVERSION = YES;
				CLANG_WARN_INFINITE_RECURSION = YES;
				CLANG_WARN_INT_CONVERSION = YES;
				CLANG_WARN_OBJC_ROOT_CLASS = YES_ERROR;
				CLANG_WARN_SUSPICIOUS_MOVE = YES;
				CLANG_WARN_UNREACHABLE_CODE = YES;
				CLANG_WARN__DUPLICATE_METHOD_MATCH = YES;
				"CODE_SIGN_IDENTITY[sdk=iphoneos*]" = "iPhone Developer";
				COPY_PHASE_STRIP = NO;
				DEBUG_INFORMATION_FORMAT = dwarf;
				ENABLE_STRICT_OBJC_MSGSEND = YES;
				ENABLE_TESTABILITY = YES;
				GCC_C_LANGUAGE_STANDARD = gnu99;
				GCC_DYNAMIC_NO_PIC = NO;
				GCC_NO_COMMON_BLOCKS = YES;
				GCC_OPTIMIZATION_LEVEL = 0;
				GCC_PREPROCESSOR_DEFINITIONS = (
					"DEBUG=1",
					"$(inherited)",
				);
				GCC_WARN_64_TO_32_BIT_CONVERSION = YES;
				GCC_WARN_ABOUT_RETURN_TYPE = YES_ERROR;
				GCC_WARN_UNDECLARED_SELECTOR = YES;
				GCC_WARN_UNINITIALIZED_AUTOS = YES_AGGRESSIVE;
				GCC_WARN_UNUSED_FUNCTION = YES;
				GCC_WARN_UNUSED_VARIABLE = YES;
				IPHONEOS_DEPLOYMENT_TARGET = 10.2;
				MTL_ENABLE_DEBUG_INFO = YES;
				ONLY_ACTIVE_ARCH = YES;
				SDKROOT = iphoneos;
				SWIFT_ACTIVE_COMPILATION_CONDITIONS = DEBUG;
				SWIFT_OPTIMIZATION_LEVEL = "-Onone";
				TARGETED_DEVICE_FAMILY = "1,2";
			};
			name = Debug;
		};
		33E52C961E2E022B000CCB98 /* Release */ = {
			isa = XCBuildConfiguration;
			buildSettings = {
				ALWAYS_SEARCH_USER_PATHS = NO;
				CLANG_ANALYZER_NONNULL = YES;
				CLANG_CXX_LANGUAGE_STANDARD = "gnu++0x";
				CLANG_CXX_LIBRARY = "libc++";
				CLANG_ENABLE_MODULES = YES;
				CLANG_ENABLE_OBJC_ARC = YES;
				CLANG_WARN_BOOL_CONVERSION = YES;
				CLANG_WARN_CONSTANT_CONVERSION = YES;
				CLANG_WARN_DIRECT_OBJC_ISA_USAGE = YES_ERROR;
				CLANG_WARN_DOCUMENTATION_COMMENTS = YES;
				CLANG_WARN_EMPTY_BODY = YES;
				CLANG_WARN_ENUM_CONVERSION = YES;
				CLANG_WARN_INFINITE_RECURSION = YES;
				CLANG_WARN_INT_CONVERSION = YES;
				CLANG_WARN_OBJC_ROOT_CLASS = YES_ERROR;
				CLANG_WARN_SUSPICIOUS_MOVE = YES;
				CLANG_WARN_UNREACHABLE_CODE = YES;
				CLANG_WARN__DUPLICATE_METHOD_MATCH = YES;
				"CODE_SIGN_IDENTITY[sdk=iphoneos*]" = "iPhone Developer";
				COPY_PHASE_STRIP = NO;
				DEBUG_INFORMATION_FORMAT = "dwarf-with-dsym";
				ENABLE_NS_ASSERTIONS = NO;
				ENABLE_STRICT_OBJC_MSGSEND = YES;
				GCC_C_LANGUAGE_STANDARD = gnu99;
				GCC_NO_COMMON_BLOCKS = YES;
				GCC_WARN_64_TO_32_BIT_CONVERSION = YES;
				GCC_WARN_ABOUT_RETURN_TYPE = YES_ERROR;
				GCC_WARN_UNDECLARED_SELECTOR = YES;
				GCC_WARN_UNINITIALIZED_AUTOS = YES_AGGRESSIVE;
				GCC_WARN_UNUSED_FUNCTION = YES;
				GCC_WARN_UNUSED_VARIABLE = YES;
				IPHONEOS_DEPLOYMENT_TARGET = 10.2;
				MTL_ENABLE_DEBUG_INFO = NO;
				SDKROOT = iphoneos;
				SWIFT_OPTIMIZATION_LEVEL = "-Owholemodule";
				TARGETED_DEVICE_FAMILY = "1,2";
				VALIDATE_PRODUCT = YES;
			};
			name = Release;
		};
		33E52C981E2E022B000CCB98 /* Debug */ = {
			isa = XCBuildConfiguration;
			buildSettings = {
				ASSETCATALOG_COMPILER_APPICON_NAME = AppIcon;
				INFOPLIST_FILE = "DragAndDropCollectionViewCell-swift/Info.plist";
				LD_RUNPATH_SEARCH_PATHS = "$(inherited) @executable_path/Frameworks";
				PRODUCT_BUNDLE_IDENTIFIER = "com.cshan.DragAndDropCollectionViewCell-swift";
				PRODUCT_NAME = "$(TARGET_NAME)";
				SWIFT_VERSION = 3.0;
			};
			name = Debug;
		};
		33E52C991E2E022B000CCB98 /* Release */ = {
			isa = XCBuildConfiguration;
			buildSettings = {
				ASSETCATALOG_COMPILER_APPICON_NAME = AppIcon;
				INFOPLIST_FILE = "DragAndDropCollectionViewCell-swift/Info.plist";
				LD_RUNPATH_SEARCH_PATHS = "$(inherited) @executable_path/Frameworks";
				PRODUCT_BUNDLE_IDENTIFIER = "com.cshan.DragAndDropCollectionViewCell-swift";
				PRODUCT_NAME = "$(TARGET_NAME)";
				SWIFT_VERSION = 3.0;
			};
			name = Release;
		};
/* End XCBuildConfiguration section */

/* Begin XCConfigurationList section */
		33E52C801E2E022B000CCB98 /* Build configuration list for PBXProject "DragAndDropCollectionViewCell-swift" */ = {
			isa = XCConfigurationList;
			buildConfigurations = (
				33E52C951E2E022B000CCB98 /* Debug */,
				33E52C961E2E022B000CCB98 /* Release */,
			);
			defaultConfigurationIsVisible = 0;
			defaultConfigurationName = Release;
		};
		33E52C971E2E022B000CCB98 /* Build configuration list for PBXNativeTarget "DragAndDropCollectionViewCell-swift" */ = {
			isa = XCConfigurationList;
			buildConfigurations = (
				33E52C981E2E022B000CCB98 /* Debug */,
				33E52C991E2E022B000CCB98 /* Release */,
			);
			defaultConfigurationIsVisible = 0;
		};
/* End XCConfigurationList section */
	};
	rootObject = 33E52C7D1E2E022B000CCB98 /* Project object */;
}
